
Microsoft Visual Studio Solution File, Format Version 12.00
# Visual Studio Version 17
VisualStudioVersion = 17.9.34607.119
MinimumVisualStudioVersion = 10.0.40219.1
Project("{888888A0-9F3D-457C-B088-3A5042F75D52}") = "AutomateTheBoringStuffWithPython", "AutomateTheBoringStuffWithPython.pyproj", "{8595F782-DFF6-4733-AAB3-C601887738BE}"
EndProject
Project("{2150E333-8FDC-42A3-9474-1A3956D46DE8}") = "Solution Items", "Solution Items", "{36557ADF-135C-47B9-BB8E-E17A20428B61}"
	ProjectSection(SolutionItems) = preProject
		blank.py = blank.py
		CarlGauss.py = CarlGauss.py
		exitExample.py = exitExample.py
		fiveTime.py = fiveTime.py
		guessTheNumber.py = guessTheNumber.py
		printRandom.py = printRandom.py
		RockPaperSicissors.py = RockPaperSicissors.py
		start stopping and stepping args in range.py = start stopping and stepping args in range.py
		swordfish.py = swordfish.py
		truthyandfalseyvalues.py = truthyandfalseyvalues.py
		yourName.py = yourName.py
		yourName2.py = yourName2.py
	EndProjectSection
EndProject
Global
	GlobalSection(SolutionConfigurationPlatforms) = preSolution
		Debug|Any CPU = Debug|Any CPU
		Release|Any CPU = Release|Any CPU
	EndGlobalSection
	GlobalSection(ProjectConfigurationPlatforms) = postSolution
		{8595F782-DFF6-4733-AAB3-C601887738BE}.Debug|Any CPU.ActiveCfg = Debug|Any CPU
		{8595F782-DFF6-4733-AAB3-C601887738BE}.Release|Any CPU.ActiveCfg = Release|Any CPU
	EndGlobalSection
	GlobalSection(SolutionProperties) = preSolution
		HideSolutionNode = FALSE
	EndGlobalSection
	GlobalSection(ExtensibilityGlobals) = postSolution
		SolutionGuid = {01944733-DA0F-458B-8AB8-21526A2F488E}
	EndGlobalSection
EndGlobal
